Microsoft Visual Studio Solution File, Format Version 12.00
# Visual Studio Version 17
VisualStudioVersion = 17.0.31903.59
MinimumVisualStudioVersion = 10.0.40219.1
Project("{FAE04EC0-301F-11D3-BF4B-00C04F79EFBC}") = "LilithsHeart", "LilithsHeart\LilithsHeart.csproj", "{F69D49FE-7137-4358-B08B-17817D211414}"
EndProject
Project("{FAE04EC0-301F-11D3-BF4B-00C04F79EFBC}") = "LilithsCookbook", "LilithsCookbook\LilithsCookbook.csproj", "{340F803E-8F76-4947-9F67-81A080387BE7}"
EndProject
Project("{FAE04EC0-301F-11D3-BF4B-00C04F79EFBC}") = "LilithsSoul", "LilithsSoul\LilithsSoul.csproj", "{89538649-7385-441F-97F1-419E61733FBC}"
EndProject
Global
	GlobalSection(SolutionConfigurationPlatforms) = preSolution
		Debug|Any CPU = Debug|Any CPU
		Release|Any CPU = Release|Any CPU
	EndGlobalSection
	GlobalSection(ProjectConfigurationPlatforms) = postSolution
		{F69D49FE-7137-4358-B08B-17817D211414}.Debug|Any CPU.ActiveCfg = Debug|Any CPU
		{F69D49FE-7137-4358-B08B-17817D211414}.Debug|Any CPU.Build.0 = Debug|Any CPU
		{F69D49FE-7137-4358-B08B-17817D211414}.Release|Any CPU.ActiveCfg = Release|Any CPU
		{F69D49FE-7137-4358-B08B-17817D211414}.Release|Any CPU.Build.0 = Release|Any CPU
		{340F803E-8F76-4947-9F67-81A080387BE7}.Debug|Any CPU.ActiveCfg = Debug|Any CPU
		{340F803E-8F76-4947-9F67-81A080387BE7}.Debug|Any CPU.Build.0 = Debug|Any CPU
		{340F803E-8F76-4947-9F67-81A080387BE7}.Release|Any CPU.ActiveCfg = Release|Any CPU
		{340F803E-8F76-4947-9F67-81A080387BE7}.Release|Any CPU.Build.0 = Release|Any CPU
		{89538649-7385-441F-97F1-419E61733FBC}.Debug|Any CPU.ActiveCfg = Debug|Any CPU
		{89538649-7385-441F-97F1-419E61733FBC}.Debug|Any CPU.Build.0 = Debug|Any CPU
		{89538649-7385-441F-97F1-419E61733FBC}.Release|Any CPU.ActiveCfg = Release|Any CPU
		{89538649-7385-441F-97F1-419E61733FBC}.Release|Any CPU.Build.0 = Release|Any CPU
	EndGlobalSection
	GlobalSection(SolutionProperties) = preSolution
		HideSolutionNode = FALSE
	EndGlobalSection
EndGlobal
